
Microsoft Visual Studio Solution File, Format Version 12.00
# Visual Studio 15
Project("{FAE04EC0-301F-11D3-BF4B-00C04F79EFBC}") = "ServerApp", "ServerApp.csproj", "{3A9DD936-DD15-4FDB-9DE9-F01BA92ABDDA}"
EndProject
Global
	GlobalSection(SolutionConfigurationPlatforms) = preSolution
		Debug|Any CPU = Debug|Any CPU
		Release|Any CPU = Release|Any CPU
	EndGlobalSection
	GlobalSection(ProjectConfigurationPlatforms) = postSolution
		{3A9DD936-DD15-4FDB-9DE9-F01BA92ABDDA}.Debug|Any CPU.ActiveCfg = Debug|Any CPU
		{3A9DD936-DD15-4FDB-9DE9-F01BA92ABDDA}.Debug|Any CPU.Build.0 = Debug|Any CPU
		{3A9DD936-DD15-4FDB-9DE9-F01BA92ABDDA}.Release|Any CPU.ActiveCfg = Release|Any CPU
		{3A9DD936-DD15-4FDB-9DE9-F01BA92ABDDA}.Release|Any CPU.Build.0 = Release|Any CPU
	EndGlobalSection
EndGlobal
